
Microsoft Visual Studio Solution File, Format Version 12.00
# Visual Studio Version 17
VisualStudioVersion = 17.6.33829.357
MinimumVisualStudioVersion = 10.0.40219.1
Project("{FAE04EC0-301F-11D3-BF4B-00C04F79EFBC}") = "FrugalCafe", "FrugalCafe.csproj", "{C62091B9-B536-4A4B-BE38-57B775FE3CD2}"
EndProject
Project("{FAE04EC0-301F-11D3-BF4B-00C04F79EFBC}") = "FrugalLib", "Common\FrugalLib.csproj", "{709F229C-E8FA-4304-878B-B7485644AE10}"
EndProject
Project("{FAE04EC0-301F-11D3-BF4B-00C04F79EFBC}") = "HeapWalker", "HeapWalker\HeapWalker.csproj", "{19305861-693C-47CD-B45C-AFCCE4915996}"
EndProject
Project("{FAE04EC0-301F-11D3-BF4B-00C04F79EFBC}") = "IncomeTax", "IncomeTax\IncomeTax.csproj", "{58B9A98A-0D85-4137-9FE2-F5C84CB747A2}"
EndProject
Global
	GlobalSection(SolutionConfigurationPlatforms) = preSolution
		Debug|Any CPU = Debug|Any CPU
		Release|Any CPU = Release|Any CPU
	EndGlobalSection
	GlobalSection(ProjectConfigurationPlatforms) = postSolution
		{C62091B9-B536-4A4B-BE38-57B775FE3CD2}.Debug|Any CPU.ActiveCfg = Debug|Any CPU
		{C62091B9-B536-4A4B-BE38-57B775FE3CD2}.Debug|Any CPU.Build.0 = Debug|Any CPU
		{C62091B9-B536-4A4B-BE38-57B775FE3CD2}.Release|Any CPU.ActiveCfg = Release|Any CPU
		{C62091B9-B536-4A4B-BE38-57B775FE3CD2}.Release|Any CPU.Build.0 = Release|Any CPU
		{709F229C-E8FA-4304-878B-B7485644AE10}.Debug|Any CPU.ActiveCfg = Debug|Any CPU
		{709F229C-E8FA-4304-878B-B7485644AE10}.Debug|Any CPU.Build.0 = Debug|Any CPU
		{709F229C-E8FA-4304-878B-B7485644AE10}.Release|Any CPU.ActiveCfg = Release|Any CPU
		{709F229C-E8FA-4304-878B-B7485644AE10}.Release|Any CPU.Build.0 = Release|Any CPU
		{19305861-693C-47CD-B45C-AFCCE4915996}.Debug|Any CPU.ActiveCfg = Debug|Any CPU
		{19305861-693C-47CD-B45C-AFCCE4915996}.Debug|Any CPU.Build.0 = Debug|Any CPU
		{19305861-693C-47CD-B45C-AFCCE4915996}.Release|Any CPU.ActiveCfg = Release|Any CPU
		{19305861-693C-47CD-B45C-AFCCE4915996}.Release|Any CPU.Build.0 = Release|Any CPU
		{58B9A98A-0D85-4137-9FE2-F5C84CB747A2}.Debug|Any CPU.ActiveCfg = Debug|Any CPU
		{58B9A98A-0D85-4137-9FE2-F5C84CB747A2}.Debug|Any CPU.Build.0 = Debug|Any CPU
		{58B9A98A-0D85-4137-9FE2-F5C84CB747A2}.Release|Any CPU.ActiveCfg = Release|Any CPU
		{58B9A98A-0D85-4137-9FE2-F5C84CB747A2}.Release|Any CPU.Build.0 = Release|Any CPU
	EndGlobalSection
	GlobalSection(SolutionProperties) = preSolution
		HideSolutionNode = FALSE
	EndGlobalSection
	GlobalSection(ExtensibilityGlobals) = postSolution
		SolutionGuid = {890F90DF-354E-4937-A8F6-544D489A2941}
	EndGlobalSection
EndGlobal
