
Microsoft Visual Studio Solution File, Format Version 12.00
# Visual Studio Version 17
VisualStudioVersion = 17.7.34009.444
MinimumVisualStudioVersion = 10.0.40219.1
Project("{9A19103F-16F7-4668-BE54-9A1E7A4F7556}") = "FrugalCafeNetCore6", "FrugalCafeNetCore6.csproj", "{D267B939-4151-48BF-B708-C31D24103E11}"
EndProject
Global
	GlobalSection(SolutionConfigurationPlatforms) = preSolution
		Debug|Any CPU = Debug|Any CPU
		Release|Any CPU = Release|Any CPU
	EndGlobalSection
	GlobalSection(ProjectConfigurationPlatforms) = postSolution
		{D267B939-4151-48BF-B708-C31D24103E11}.Debug|Any CPU.ActiveCfg = Debug|Any CPU
		{D267B939-4151-48BF-B708-C31D24103E11}.Debug|Any CPU.Build.0 = Debug|Any CPU
		{D267B939-4151-48BF-B708-C31D24103E11}.Release|Any CPU.ActiveCfg = Release|Any CPU
		{D267B939-4151-48BF-B708-C31D24103E11}.Release|Any CPU.Build.0 = Release|Any CPU
	EndGlobalSection
	GlobalSection(SolutionProperties) = preSolution
		HideSolutionNode = FALSE
	EndGlobalSection
	GlobalSection(ExtensibilityGlobals) = postSolution
		SolutionGuid = {2C5DCC0E-A033-41DC-A1DE-D7FFD7DF7D38}
	EndGlobalSection
EndGlobal
